
Microsoft Visual Studio Solution File, Format Version 12.00
# Visual Studio Version 16
VisualStudioVersion = 16.0.30523.141
MinimumVisualStudioVersion = 10.0.40219.1
Project("{9A19103F-16F7-4668-BE54-9A1E7A4F7556}") = "call-and-set", "call-and-set.csproj", "{B4B42193-4AEE-4D0E-A836-4972B835CA55}"
EndProject
Global
	GlobalSection(SolutionConfigurationPlatforms) = preSolution
		Debug|Any CPU = Debug|Any CPU
		Release|Any CPU = Release|Any CPU
	EndGlobalSection
	GlobalSection(ProjectConfigurationPlatforms) = postSolution
		{B4B42193-4AEE-4D0E-A836-4972B835CA55}.Debug|Any CPU.ActiveCfg = Debug|Any CPU
		{B4B42193-4AEE-4D0E-A836-4972B835CA55}.Debug|Any CPU.Build.0 = Debug|Any CPU
		{B4B42193-4AEE-4D0E-A836-4972B835CA55}.Release|Any CPU.ActiveCfg = Release|Any CPU
		{B4B42193-4AEE-4D0E-A836-4972B835CA55}.Release|Any CPU.Build.0 = Release|Any CPU
	EndGlobalSection
	GlobalSection(SolutionProperties) = preSolution
		HideSolutionNode = FALSE
	EndGlobalSection
	GlobalSection(ExtensibilityGlobals) = postSolution
		SolutionGuid = {EE8A5DC4-B01B-4D58-940C-85DA76E57140}
	EndGlobalSection
EndGlobal
